// !$*UTF8*$!
{
	archiveVersion = 1;
	classes = {
	};
	objectVersion = 48;
	objects = {

/* Begin PBXBuildFile section */
		38CE4607917C240AD0CB1AA0 /* Pods_unit_test_dependencies_tutorialTests.framework in Frameworks */ = {isa = PBXBuildFile; fileRef = 6290B5B98D095BF0A9ED82B8 /* Pods_unit_test_dependencies_tutorialTests.framework */; };
		C067FFB7C60A176FB2F37CCB /* Pods_unit_test_dependencies_tutorial.framework in Frameworks */ = {isa = PBXBuildFile; fileRef = FC9DAC4FEA43187C9041FFC3 /* Pods_unit_test_dependencies_tutorial.framework */; };
		EE111C2B2086611D0076A77F /* Protocols.swift in Sources */ = {isa = PBXBuildFile; fileRef = EEEF77DD1FFB29B5003A3252 /* Protocols.swift */; };
		EE918B1B208900F2002A0442 /* ApiClient.swift in Sources */ = {isa = PBXBuildFile; fileRef = EE918B1A208900F2002A0442 /* ApiClient.swift */; };
		EE918B1F2089224B002A0442 /* MainViewModel.swift in Sources */ = {isa = PBXBuildFile; fileRef = EE918B1E2089224B002A0442 /* MainViewModel.swift */; };
		EE918B2520894059002A0442 /* ServiceStub.swift in Sources */ = {isa = PBXBuildFile; fileRef = EE918B2420894059002A0442 /* ServiceStub.swift */; };
		EE918B2620896A95002A0442 /* MainViewModel.swift in Sources */ = {isa = PBXBuildFile; fileRef = EE918B1E2089224B002A0442 /* MainViewModel.swift */; };
		EE918B2720896B3D002A0442 /* ApiClient.swift in Sources */ = {isa = PBXBuildFile; fileRef = EE918B1A208900F2002A0442 /* ApiClient.swift */; };
		EED23C4D200965D5008234EF /* LocationService.swift in Sources */ = {isa = PBXBuildFile; fileRef = EED23C4C200965D5008234EF /* LocationService.swift */; };
		EED23C522009673B008234EF /* MainViewModelTests.swift in Sources */ = {isa = PBXBuildFile; fileRef = EED23C512009673B008234EF /* MainViewModelTests.swift */; };
		EEEF77B51FFB265F003A3252 /* AppDelegate.swift in Sources */ = {isa = PBXBuildFile; fileRef = EEEF77B41FFB265F003A3252 /* AppDelegate.swift */; };
		EEEF77B71FFB265F003A3252 /* MainView.swift in Sources */ = {isa = PBXBuildFile; fileRef = EEEF77B61FFB265F003A3252 /* MainView.swift */; };
		EEEF77BA1FFB265F003A3252 /* Main.storyboard in Resources */ = {isa = PBXBuildFile; fileRef = EEEF77B81FFB265F003A3252 /* Main.storyboard */; };
		EEEF77BC1FFB265F003A3252 /* Assets.xcassets in Resources */ = {isa = PBXBuildFile; fileRef = EEEF77BB1FFB265F003A3252 /* Assets.xcassets */; };
		EEEF77BF1FFB265F003A3252 /* LaunchScreen.storyboard in Resources */ = {isa = PBXBuildFile; fileRef = EEEF77BD1FFB265F003A3252 /* LaunchScreen.storyboard */; };
		EEEF77DE1FFB29B5003A3252 /* Protocols.swift in Sources */ = {isa = PBXBuildFile; fileRef = EEEF77DD1FFB29B5003A3252 /* Protocols.swift */; };
/* End PBXBuildFile section */

/* Begin PBXContainerItemProxy section */
		EEEF77C61FFB265F003A3252 /* PBXContainerItemProxy */ = {
			isa = PBXContainerItemProxy;
			containerPortal = EEEF77A91FFB265F003A3252 /* Project object */;
			proxyType = 1;
			remoteGlobalIDString = EEEF77B01FFB265F003A3252;
			remoteInfo = "unit-test-dependencies-tutorial";
		};
/* End PBXContainerItemProxy section */

/* Begin PBXFileReference section */
		384C90B3AC32BB83E7B9CFB3 /* Pods-unit-test-dependencies-tutorial.debug.xcconfig */ = {isa = PBXFileReference; includeInIndex = 1; lastKnownFileType = text.xcconfig; name = "Pods-unit-test-dependencies-tutorial.debug.xcconfig"; path = "Pods/Target Support Files/Pods-unit-test-dependencies-tutorial/Pods-unit-test-dependencies-tutorial.debug.xcconfig"; sourceTree = "<group>"; };
		445568DFBD791BF963644EE6 /* Pods-unit-test-dependencies-tutorialTests.release.xcconfig */ = {isa = PBXFileReference; includeInIndex = 1; lastKnownFileType = text.xcconfig; name = "Pods-unit-test-dependencies-tutorialTests.release.xcconfig"; path = "Pods/Target Support Files/Pods-unit-test-dependencies-tutorialTests/Pods-unit-test-dependencies-tutorialTests.release.xcconfig"; sourceTree = "<group>"; };
		5C2D290CD0649AF2D1D91D1A /* Pods-unit-test-dependencies-tutorial.release.xcconfig */ = {isa = PBXFileReference; includeInIndex = 1; lastKnownFileType = text.xcconfig; name = "Pods-unit-test-dependencies-tutorial.release.xcconfig"; path = "Pods/Target Support Files/Pods-unit-test-dependencies-tutorial/Pods-unit-test-dependencies-tutorial.release.xcconfig"; sourceTree = "<group>"; };
		6290B5B98D095BF0A9ED82B8 /* Pods_unit_test_dependencies_tutorialTests.framework */ = {isa = PBXFileReference; explicitFileType = wrapper.framework; includeInIndex = 0; path = Pods_unit_test_dependencies_tutorialTests.framework; sourceTree = BUILT_PRODUCTS_DIR; };
		83DC97FAA5849DEFE3299C13 /* Pods-unit-test-dependencies-tutorialTests.debug.xcconfig */ = {isa = PBXFileReference; includeInIndex = 1; lastKnownFileType = text.xcconfig; name = "Pods-unit-test-dependencies-tutorialTests.debug.xcconfig"; path = "Pods/Target Support Files/Pods-unit-test-dependencies-tutorialTests/Pods-unit-test-dependencies-tutorialTests.debug.xcconfig"; sourceTree = "<group>"; };
		EE4F1B7B2000B37E000AA12F /* README.md */ = {isa = PBXFileReference; lastKnownFileType = net.daringfireball.markdown; path = README.md; sourceTree = "<group>"; };
		EE918B1A208900F2002A0442 /* ApiClient.swift */ = {isa = PBXFileReference; fileEncoding = 4; lastKnownFileType = sourcecode.swift; path = ApiClient.swift; sourceTree = "<group>"; };
		EE918B1E2089224B002A0442 /* MainViewModel.swift */ = {isa = PBXFileReference; lastKnownFileType = sourcecode.swift; path = MainViewModel.swift; sourceTree = "<group>"; };
		EE918B2420894059002A0442 /* ServiceStub.swift */ = {isa = PBXFileReference; lastKnownFileType = sourcecode.swift; path = ServiceStub.swift; sourceTree = "<group>"; };
		EED23C4C200965D5008234EF /* LocationService.swift */ = {isa = PBXFileReference; lastKnownFileType = sourcecode.swift; path = LocationService.swift; sourceTree = "<group>"; };
		EED23C512009673B008234EF /* MainViewModelTests.swift */ = {isa = PBXFileReference; lastKnownFileType = sourcecode.swift; path = MainViewModelTests.swift; sourceTree = "<group>"; };
		EEEF77B11FFB265F003A3252 /* unit-test-dependencies-tutorial.app */ = {isa = PBXFileReference; explicitFileType = wrapper.application; includeInIndex = 0; path = "unit-test-dependencies-tutorial.app"; sourceTree = BUILT_PRODUCTS_DIR; };
		EEEF77B41FFB265F003A3252 /* AppDelegate.swift */ = {isa = PBXFileReference; lastKnownFileType = sourcecode.swift; path = AppDelegate.swift; sourceTree = "<group>"; };
		EEEF77B61FFB265F003A3252 /* MainView.swift */ = {isa = PBXFileReference; lastKnownFileType = sourcecode.swift; path = MainView.swift; sourceTree = "<group>"; };
		EEEF77B91FFB265F003A3252 /* Base */ = {isa = PBXFileReference; lastKnownFileType = file.storyboard; name = Base; path = Base.lproj/Main.storyboard; sourceTree = "<group>"; };
		EEEF77BB1FFB265F003A3252 /* Assets.xcassets */ = {isa = PBXFileReference; lastKnownFileType = folder.assetcatalog; path = Assets.xcassets; sourceTree = "<group>"; };
		EEEF77BE1FFB265F003A3252 /* Base */ = {isa = PBXFileReference; lastKnownFileType = file.storyboard; name = Base; path = Base.lproj/LaunchScreen.storyboard; sourceTree = "<group>"; };
		EEEF77C01FFB265F003A3252 /* Info.plist */ = {isa = PBXFileReference; lastKnownFileType = text.plist.xml; path = Info.plist; sourceTree = "<group>"; };
		EEEF77C51FFB265F003A3252 /* unit-test-dependencies-tutorialTests.xctest */ = {isa = PBXFileReference; explicitFileType = wrapper.cfbundle; includeInIndex = 0; path = "unit-test-dependencies-tutorialTests.xctest"; sourceTree = BUILT_PRODUCTS_DIR; };
		EEEF77CB1FFB265F003A3252 /* Info.plist */ = {isa = PBXFileReference; lastKnownFileType = text.plist.xml; path = Info.plist; sourceTree = "<group>"; };
		EEEF77DD1FFB29B5003A3252 /* Protocols.swift */ = {isa = PBXFileReference; lastKnownFileType = sourcecode.swift; path = Protocols.swift; sourceTree = "<group>"; };
		FC9DAC4FEA43187C9041FFC3 /* Pods_unit_test_dependencies_tutorial.framework */ = {isa = PBXFileReference; explicitFileType = wrapper.framework; includeInIndex = 0; path = Pods_unit_test_dependencies_tutorial.framework; sourceTree = BUILT_PRODUCTS_DIR; };
/* End PBXFileReference section */

/* Begin PBXFrameworksBuildPhase section */
		EEEF77AE1FFB265F003A3252 /* Frameworks */ = {
			isa = PBXFrameworksBuildPhase;
			buildActionMask = 2147483647;
			files = (
				C067FFB7C60A176FB2F37CCB /* Pods_unit_test_dependencies_tutorial.framework in Frameworks */,
			);
			runOnlyForDeploymentPostprocessing = 0;
		};
		EEEF77C21FFB265F003A3252 /* Frameworks */ = {
			isa = PBXFrameworksBuildPhase;
			buildActionMask = 2147483647;
			files = (
				38CE4607917C240AD0CB1AA0 /* Pods_unit_test_dependencies_tutorialTests.framework in Frameworks */,
			);
			runOnlyForDeploymentPostprocessing = 0;
		};
/* End PBXFrameworksBuildPhase section */

/* Begin PBXGroup section */
		1B3B2E5BBC7D73C3C688F102 /* Pods */ = {
			isa = PBXGroup;
			children = (
				384C90B3AC32BB83E7B9CFB3 /* Pods-unit-test-dependencies-tutorial.debug.xcconfig */,
				5C2D290CD0649AF2D1D91D1A /* Pods-unit-test-dependencies-tutorial.release.xcconfig */,
				83DC97FAA5849DEFE3299C13 /* Pods-unit-test-dependencies-tutorialTests.debug.xcconfig */,
				445568DFBD791BF963644EE6 /* Pods-unit-test-dependencies-tutorialTests.release.xcconfig */,
			);
			name = Pods;
			sourceTree = "<group>";
		};
		A5B4FF4511CD0DE125BBC1EB /* Frameworks */ = {
			isa = PBXGroup;
			children = (
				FC9DAC4FEA43187C9041FFC3 /* Pods_unit_test_dependencies_tutorial.framework */,
				6290B5B98D095BF0A9ED82B8 /* Pods_unit_test_dependencies_tutorialTests.framework */,
			);
			name = Frameworks;
			sourceTree = "<group>";
		};
		EE918B1C2089222C002A0442 /* ViewModels */ = {
			isa = PBXGroup;
			children = (
				EE918B1E2089224B002A0442 /* MainViewModel.swift */,
			);
			path = ViewModels;
			sourceTree = "<group>";
		};
		EE918B2120893F8F002A0442 /* Stubs */ = {
			isa = PBXGroup;
			children = (
				EE918B2420894059002A0442 /* ServiceStub.swift */,
			);
			path = Stubs;
			sourceTree = "<group>";
		};
		EEEF77A81FFB265F003A3252 = {
			isa = PBXGroup;
			children = (
				EE4F1B7B2000B37E000AA12F /* README.md */,
				EEEF77B31FFB265F003A3252 /* unit-test-dependencies-tutorial */,
				EEEF77C81FFB265F003A3252 /* unit-test-dependencies-tutorialTests */,
				EEEF77B21FFB265F003A3252 /* Products */,
				1B3B2E5BBC7D73C3C688F102 /* Pods */,
				A5B4FF4511CD0DE125BBC1EB /* Frameworks */,
			);
			sourceTree = "<group>";
		};
		EEEF77B21FFB265F003A3252 /* Products */ = {
			isa = PBXGroup;
			children = (
				EEEF77B11FFB265F003A3252 /* unit-test-dependencies-tutorial.app */,
				EEEF77C51FFB265F003A3252 /* unit-test-dependencies-tutorialTests.xctest */,
			);
			name = Products;
			sourceTree = "<group>";
		};
		EEEF77B31FFB265F003A3252 /* unit-test-dependencies-tutorial */ = {
			isa = PBXGroup;
			children = (
				EEEF77B41FFB265F003A3252 /* AppDelegate.swift */,
				EEEF77BB1FFB265F003A3252 /* Assets.xcassets */,
				EEEF77D41FFB26EB003A3252 /* Controllers */,
				EEEF77D81FFB271D003A3252 /* Core */,
				EEEF77C01FFB265F003A3252 /* Info.plist */,
				EEEF77D61FFB26FF003A3252 /* Protocols */,
				EEEF77D71FFB2707003A3252 /* UI */,
				EE918B1C2089222C002A0442 /* ViewModels */,
			);
			path = "unit-test-dependencies-tutorial";
			sourceTree = "<group>";
		};
		EEEF77C81FFB265F003A3252 /* unit-test-dependencies-tutorialTests */ = {
			isa = PBXGroup;
			children = (
				EE918B2120893F8F002A0442 /* Stubs */,
				EEEF77CB1FFB265F003A3252 /* Info.plist */,
				EED23C512009673B008234EF /* MainViewModelTests.swift */,
			);
			path = "unit-test-dependencies-tutorialTests";
			sourceTree = "<group>";
		};
		EEEF77D41FFB26EB003A3252 /* Controllers */ = {
			isa = PBXGroup;
			children = (
				EEEF77B61FFB265F003A3252 /* MainView.swift */,
			);
			path = Controllers;
			sourceTree = "<group>";
		};
		EEEF77D61FFB26FF003A3252 /* Protocols */ = {
			isa = PBXGroup;
			children = (
				EEEF77DD1FFB29B5003A3252 /* Protocols.swift */,
			);
			path = Protocols;
			sourceTree = "<group>";
		};
		EEEF77D71FFB2707003A3252 /* UI */ = {
			isa = PBXGroup;
			children = (
				EEEF77B81FFB265F003A3252 /* Main.storyboard */,
				EEEF77BD1FFB265F003A3252 /* LaunchScreen.storyboard */,
			);
			path = UI;
			sourceTree = "<group>";
		};
		EEEF77D81FFB271D003A3252 /* Core */ = {
			isa = PBXGroup;
			children = (
				EE918B1A208900F2002A0442 /* ApiClient.swift */,
				EED23C4C200965D5008234EF /* LocationService.swift */,
			);
			path = Core;
			sourceTree = "<group>";
		};
/* End PBXGroup section */

/* Begin PBXNativeTarget section */
		EEEF77B01FFB265F003A3252 /* unit-test-dependencies-tutorial */ = {
			isa = PBXNativeTarget;
			buildConfigurationList = EEEF77CE1FFB265F003A3252 /* Build configuration list for PBXNativeTarget "unit-test-dependencies-tutorial" */;
			buildPhases = (
				A2F288511FC89D3E8DAB50A3 /* [CP] Check Pods Manifest.lock */,
				EEEF77AD1FFB265F003A3252 /* Sources */,
				EEEF77AE1FFB265F003A3252 /* Frameworks */,
				EEEF77AF1FFB265F003A3252 /* Resources */,
				B25FBD08C9893291E89BEDD6 /* [CP] Embed Pods Frameworks */,
				DBF2FEB5545376722EC8D5E7 /* [CP] Copy Pods Resources */,
			);
			buildRules = (
			);
			dependencies = (
			);
			name = "unit-test-dependencies-tutorial";
			productName = "unit-test-dependencies-tutorial";
			productReference = EEEF77B11FFB265F003A3252 /* unit-test-dependencies-tutorial.app */;
			productType = "com.apple.product-type.application";
		};
		EEEF77C41FFB265F003A3252 /* unit-test-dependencies-tutorialTests */ = {
			isa = PBXNativeTarget;
			buildConfigurationList = EEEF77D11FFB265F003A3252 /* Build configuration list for PBXNativeTarget "unit-test-dependencies-tutorialTests" */;
			buildPhases = (
				1D9AAC10FA7A90CE7974B656 /* [CP] Check Pods Manifest.lock */,
				EEEF77C11FFB265F003A3252 /* Sources */,
				EEEF77C21FFB265F003A3252 /* Frameworks */,
				EEEF77C31FFB265F003A3252 /* Resources */,
				CEB7495A6047F468FD2CE180 /* [CP] Embed Pods Frameworks */,
				E6B824A2F23618CF6E5C248E /* [CP] Copy Pods Resources */,
			);
			buildRules = (
			);
			dependencies = (
				EEEF77C71FFB265F003A3252 /* PBXTargetDependency */,
			);
			name = "unit-test-dependencies-tutorialTests";
			productName = "unit-test-dependencies-tutorialTests";
			productReference = EEEF77C51FFB265F003A3252 /* unit-test-dependencies-tutorialTests.xctest */;
			productType = "com.apple.product-type.bundle.unit-test";
		};
/* End PBXNativeTarget section */

/* Begin PBXProject section */
		EEEF77A91FFB265F003A3252 /* Project object */ = {
			isa = PBXProject;
			attributes = {
				LastSwiftUpdateCheck = 0920;
				LastUpgradeCheck = 0930;
				ORGANIZATIONNAME = "David Martinez-Lebron";
				TargetAttributes = {
					EEEF77B01FFB265F003A3252 = {
						CreatedOnToolsVersion = 9.2;
						ProvisioningStyle = Automatic;
						SystemCapabilities = {
							com.apple.BackgroundModes = {
								enabled = 0;
							};
						};
					};
					EEEF77C41FFB265F003A3252 = {
						CreatedOnToolsVersion = 9.2;
						ProvisioningStyle = Automatic;
						TestTargetID = EEEF77B01FFB265F003A3252;
					};
				};
			};
			buildConfigurationList = EEEF77AC1FFB265F003A3252 /* Build configuration list for PBXProject "unit-test-dependencies-tutorial" */;
			compatibilityVersion = "Xcode 8.0";
			developmentRegion = en;
			hasScannedForEncodings = 0;
			knownRegions = (
				en,
				Base,
			);
			mainGroup = EEEF77A81FFB265F003A3252;
			productRefGroup = EEEF77B21FFB265F003A3252 /* Products */;
			projectDirPath = "";
			projectRoot = "";
			targets = (
				EEEF77B01FFB265F003A3252 /* unit-test-dependencies-tutorial */,
				EEEF77C41FFB265F003A3252 /* unit-test-dependencies-tutorialTests */,
			);
		};
/* End PBXProject section */

/* Begin PBXResourcesBuildPhase section */
		EEEF77AF1FFB265F003A3252 /* Resources */ = {
			isa = PBXResourcesBuildPhase;
			buildActionMask = 2147483647;
			files = (
				EEEF77BF1FFB265F003A3252 /* LaunchScreen.storyboard in Resources */,
				EEEF77BC1FFB265F003A3252 /* Assets.xcassets in Resources */,
				EEEF77BA1FFB265F003A3252 /* Main.storyboard in Resources */,
			);
			runOnlyForDeploymentPostprocessing = 0;
		};
		EEEF77C31FFB265F003A3252 /* Resources */ = {
			isa = PBXResourcesBuildPhase;
			buildActionMask = 2147483647;
			files = (
			);
			runOnlyForDeploymentPostprocessing = 0;
		};
/* End PBXResourcesBuildPhase section */

/* Begin PBXShellScriptBuildPhase section */
		1D9AAC10FA7A90CE7974B656 /* [CP] Check Pods Manifest.lock */ = {
			isa = PBXShellScriptBuildPhase;
			buildActionMask = 2147483647;
			files = (
			);
			inputPaths = (
				"${PODS_PODFILE_DIR_PATH}/Podfile.lock",
				"${PODS_ROOT}/Manifest.lock",
			);
			name = "[CP] Check Pods Manifest.lock";
			outputPaths = (
				"$(DERIVED_FILE_DIR)/Pods-unit-test-dependencies-tutorialTests-checkManifestLockResult.txt",
			);
			runOnlyForDeploymentPostprocessing = 0;
			shellPath = /bin/sh;
			shellScript = "diff \"${PODS_PODFILE_DIR_PATH}/Podfile.lock\" \"${PODS_ROOT}/Manifest.lock\" > /dev/null\nif [ $? != 0 ] ; then\n    # print error to STDERR\n    echo \"error: The sandbox is not in sync with the Podfile.lock. Run 'pod install' or update your CocoaPods installation.\" >&2\n    exit 1\nfi\n# This output is used by Xcode 'outputs' to avoid re-running this script phase.\necho \"SUCCESS\" > \"${SCRIPT_OUTPUT_FILE_0}\"\n";
			showEnvVarsInLog = 0;
		};
		A2F288511FC89D3E8DAB50A3 /* [CP] Check Pods Manifest.lock */ = {
			isa = PBXShellScriptBuildPhase;
			buildActionMask = 2147483647;
			files = (
			);
			inputPaths = (
				"${PODS_PODFILE_DIR_PATH}/Podfile.lock",
				"${PODS_ROOT}/Manifest.lock",
			);
			name = "[CP] Check Pods Manifest.lock";
			outputPaths = (
				"$(DERIVED_FILE_DIR)/Pods-unit-test-dependencies-tutorial-checkManifestLockResult.txt",
			);
			runOnlyForDeploymentPostprocessing = 0;
			shellPath = /bin/sh;
			shellScript = "diff \"${PODS_PODFILE_DIR_PATH}/Podfile.lock\" \"${PODS_ROOT}/Manifest.lock\" > /dev/null\nif [ $? != 0 ] ; then\n    # print error to STDERR\n    echo \"error: The sandbox is not in sync with the Podfile.lock. Run 'pod install' or update your CocoaPods installation.\" >&2\n    exit 1\nfi\n# This output is used by Xcode 'outputs' to avoid re-running this script phase.\necho \"SUCCESS\" > \"${SCRIPT_OUTPUT_FILE_0}\"\n";
			showEnvVarsInLog = 0;
		};
		B25FBD08C9893291E89BEDD6 /* [CP] Embed Pods Frameworks */ = {
			isa = PBXShellScriptBuildPhase;
			buildActionMask = 2147483647;
			files = (
			);
			inputPaths = (
			);
			name = "[CP] Embed Pods Frameworks";
			outputPaths = (
			);
			runOnlyForDeploymentPostprocessing = 0;
			shellPath = /bin/sh;
			shellScript = "\"${SRCROOT}/Pods/Target Support Files/Pods-unit-test-dependencies-tutorial/Pods-unit-test-dependencies-tutorial-frameworks.sh\"\n";
			showEnvVarsInLog = 0;
		};
		CEB7495A6047F468FD2CE180 /* [CP] Embed Pods Frameworks */ = {
			isa = PBXShellScriptBuildPhase;
			buildActionMask = 2147483647;
			files = (
			);
			inputPaths = (
				"${SRCROOT}/Pods/Target Support Files/Pods-unit-test-dependencies-tutorialTests/Pods-unit-test-dependencies-tutorialTests-frameworks.sh",
				"${BUILT_PRODUCTS_DIR}/Nimble/Nimble.framework",
			);
			name = "[CP] Embed Pods Frameworks";
			outputPaths = (
				"${TARGET_BUILD_DIR}/${FRAMEWORKS_FOLDER_PATH}/Nimble.framework",
			);
			runOnlyForDeploymentPostprocessing = 0;
			shellPath = /bin/sh;
			shellScript = "\"${SRCROOT}/Pods/Target Support Files/Pods-unit-test-dependencies-tutorialTests/Pods-unit-test-dependencies-tutorialTests-frameworks.sh\"\n";
			showEnvVarsInLog = 0;
		};
		DBF2FEB5545376722EC8D5E7 /* [CP] Copy Pods Resources */ = {
			isa = PBXShellScriptBuildPhase;
			buildActionMask = 2147483647;
			files = (
			);
			inputPaths = (
			);
			name = "[CP] Copy Pods Resources";
			outputPaths = (
			);
			runOnlyForDeploymentPostprocessing = 0;
			shellPath = /bin/sh;
			shellScript = "\"${SRCROOT}/Pods/Target Support Files/Pods-unit-test-dependencies-tutorial/Pods-unit-test-dependencies-tutorial-resources.sh\"\n";
			showEnvVarsInLog = 0;
		};
		E6B824A2F23618CF6E5C248E /* [CP] Copy Pods Resources */ = {
			isa = PBXShellScriptBuildPhase;
			buildActionMask = 2147483647;
			files = (
			);
			inputPaths = (
			);
			name = "[CP] Copy Pods Resources";
			outputPaths = (
			);
			runOnlyForDeploymentPostprocessing = 0;
			shellPath = /bin/sh;
			shellScript = "\"${SRCROOT}/Pods/Target Support Files/Pods-unit-test-dependencies-tutorialTests/Pods-unit-test-dependencies-tutorialTests-resources.sh\"\n";
			showEnvVarsInLog = 0;
		};
/* End PBXShellScriptBuildPhase section */

/* Begin PBXSourcesBuildPhase section */
		EEEF77AD1FFB265F003A3252 /* Sources */ = {
			isa = PBXSourcesBuildPhase;
			buildActionMask = 2147483647;
			files = (
				EEEF77B71FFB265F003A3252 /* MainView.swift in Sources */,
				EEEF77B51FFB265F003A3252 /* AppDelegate.swift in Sources */,
				EED23C4D200965D5008234EF /* LocationService.swift in Sources */,
				EEEF77DE1FFB29B5003A3252 /* Protocols.swift in Sources */,
				EE918B1B208900F2002A0442 /* ApiClient.swift in Sources */,
				EE918B1F2089224B002A0442 /* MainViewModel.swift in Sources */,
			);
			runOnlyForDeploymentPostprocessing = 0;
		};
		EEEF77C11FFB265F003A3252 /* Sources */ = {
			isa = PBXSourcesBuildPhase;
			buildActionMask = 2147483647;
			files = (
				EE918B2520894059002A0442 /* ServiceStub.swift in Sources */,
				EE111C2B2086611D0076A77F /* Protocols.swift in Sources */,
				EED23C522009673B008234EF /* MainViewModelTests.swift in Sources */,
				EE918B2620896A95002A0442 /* MainViewModel.swift in Sources */,
				EE918B2720896B3D002A0442 /* ApiClient.swift in Sources */,
			);
			runOnlyForDeploymentPostprocessing = 0;
		};
/* End PBXSourcesBuildPhase section */

/* Begin PBXTargetDependency section */
		EEEF77C71FFB265F003A3252 /* PBXTargetDependency */ = {
			isa = PBXTargetDependency;
			target = EEEF77B01FFB265F003A3252 /* unit-test-dependencies-tutorial */;
			targetProxy = EEEF77C61FFB265F003A3252 /* PBXContainerItemProxy */;
		};
/* End PBXTargetDependency section */

/* Begin PBXVariantGroup section */
		EEEF77B81FFB265F003A3252 /* Main.storyboard */ = {
			isa = PBXVariantGroup;
			children = (
				EEEF77B91FFB265F003A3252 /* Base */,
			);
			name = Main.storyboard;
			sourceTree = "<group>";
		};
		EEEF77BD1FFB265F003A3252 /* LaunchScreen.storyboard */ = {
			isa = PBXVariantGroup;
			children = (
				EEEF77BE1FFB265F003A3252 /* Base */,
			);
			name = LaunchScreen.storyboard;
			sourceTree = "<group>";
		};
/* End PBXVariantGroup section */

/* Begin XCBuildConfiguration section */
		EEEF77CC1FFB265F003A3252 /* Debug */ = {
			isa = XCBuildConfiguration;
			buildSettings = {
				ALWAYS_SEARCH_USER_PATHS = NO;
				CLANG_ANALYZER_NONNULL = YES;
				CLANG_ANALYZER_NUMBER_OBJECT_CONVERSION = YES_AGGRESSIVE;
				CLANG_CXX_LANGUAGE_STANDARD = "gnu++14";
				CLANG_CXX_LIBRARY = "libc++";
				CLANG_ENABLE_MODULES = YES;
				CLANG_ENABLE_OBJC_ARC = YES;
				CLANG_WARN_BLOCK_CAPTURE_AUTORELEASING = YES;
				CLANG_WARN_BOOL_CONVERSION = YES;
				CLANG_WARN_COMMA = YES;
				CLANG_WARN_CONSTANT_CONVERSION = YES;
				CLANG_WARN_DEPRECATED_OBJC_IMPLEMENTATIONS = YES;
				CLANG_WARN_DIRECT_OBJC_ISA_USAGE = YES_ERROR;
				CLANG_WARN_DOCUMENTATION_COMMENTS = YES;
				CLANG_WARN_EMPTY_BODY = YES;
				CLANG_WARN_ENUM_CONVERSION = YES;
				CLANG_WARN_INFINITE_RECURSION = YES;
				CLANG_WARN_INT_CONVERSION = YES;
				CLANG_WARN_NON_LITERAL_NULL_CONVERSION = YES;
				CLANG_WARN_OBJC_IMPLICIT_RETAIN_SELF = YES;
				CLANG_WARN_OBJC_LITERAL_CONVERSION = YES;
				CLANG_WARN_OBJC_ROOT_CLASS = YES_ERROR;
				CLANG_WARN_RANGE_LOOP_ANALYSIS = YES;
				CLANG_WARN_STRICT_PROTOTYPES = YES;
				CLANG_WARN_SUSPICIOUS_MOVE = YES;
				CLANG_WARN_UNGUARDED_AVAILABILITY = YES_AGGRESSIVE;
				CLANG_WARN_UNREACHABLE_CODE = YES;
				CLANG_WARN__DUPLICATE_METHOD_MATCH = YES;
				CODE_SIGN_IDENTITY = "iPhone Developer";
				COPY_PHASE_STRIP = NO;
				DEBUG_INFORMATION_FORMAT = dwarf;
				ENABLE_STRICT_OBJC_MSGSEND = YES;
				ENABLE_TESTABILITY = YES;
				GCC_C_LANGUAGE_STANDARD = gnu11;
				GCC_DYNAMIC_NO_PIC = NO;
				GCC_NO_COMMON_BLOCKS = YES;
				GCC_OPTIMIZATION_LEVEL = 0;
				GCC_PREPROCESSOR_DEFINITIONS = (
					"DEBUG=1",
					"$(inherited)",
				);
				GCC_WARN_64_TO_32_BIT_CONVERSION = YES;
				GCC_WARN_ABOUT_RETURN_TYPE = YES_ERROR;
				GCC_WARN_UNDECLARED_SELECTOR = YES;
				GCC_WARN_UNINITIALIZED_AUTOS = YES_AGGRESSIVE;
				GCC_WARN_UNUSED_FUNCTION = YES;
				GCC_WARN_UNUSED_VARIABLE = YES;
				IPHONEOS_DEPLOYMENT_TARGET = 11.2;
				MTL_ENABLE_DEBUG_INFO = YES;
				ONLY_ACTIVE_ARCH = YES;
				SDKROOT = iphoneos;
				SWIFT_ACTIVE_COMPILATION_CONDITIONS = DEBUG;
				SWIFT_OPTIMIZATION_LEVEL = "-Onone";
			};
			name = Debug;
		};
		EEEF77CD1FFB265F003A3252 /* Release */ = {
			isa = XCBuildConfiguration;
			buildSettings = {
				ALWAYS_SEARCH_USER_PATHS = NO;
				CLANG_ANALYZER_NONNULL = YES;
				CLANG_ANALYZER_NUMBER_OBJECT_CONVERSION = YES_AGGRESSIVE;
				CLANG_CXX_LANGUAGE_STANDARD = "gnu++14";
				CLANG_CXX_LIBRARY = "libc++";
				CLANG_ENABLE_MODULES = YES;
				CLANG_ENABLE_OBJC_ARC = YES;
				CLANG_WARN_BLOCK_CAPTURE_AUTORELEASING = YES;
				CLANG_WARN_BOOL_CONVERSION = YES;
				CLANG_WARN_COMMA = YES;
				CLANG_WARN_CONSTANT_CONVERSION = YES;
				CLANG_WARN_DEPRECATED_OBJC_IMPLEMENTATIONS = YES;
				CLANG_WARN_DIRECT_OBJC_ISA_USAGE = YES_ERROR;
				CLANG_WARN_DOCUMENTATION_COMMENTS = YES;
				CLANG_WARN_EMPTY_BODY = YES;
				CLANG_WARN_ENUM_CONVERSION = YES;
				CLANG_WARN_INFINITE_RECURSION = YES;
				CLANG_WARN_INT_CONVERSION = YES;
				CLANG_WARN_NON_LITERAL_NULL_CONVERSION = YES;
				CLANG_WARN_OBJC_IMPLICIT_RETAIN_SELF = YES;
				CLANG_WARN_OBJC_LITERAL_CONVERSION = YES;
				CLANG_WARN_OBJC_ROOT_CLASS = YES_ERROR;
				CLANG_WARN_RANGE_LOOP_ANALYSIS = YES;
				CLANG_WARN_STRICT_PROTOTYPES = YES;
				CLANG_WARN_SUSPICIOUS_MOVE = YES;
				CLANG_WARN_UNGUARDED_AVAILABILITY = YES_AGGRESSIVE;
				CLANG_WARN_UNREACHABLE_CODE = YES;
				CLANG_WARN__DUPLICATE_METHOD_MATCH = YES;
				CODE_SIGN_IDENTITY = "iPhone Developer";
				COPY_PHASE_STRIP = NO;
				DEBUG_INFORMATION_FORMAT = "dwarf-with-dsym";
				ENABLE_NS_ASSERTIONS = NO;
				ENABLE_STRICT_OBJC_MSGSEND = YES;
				GCC_C_LANGUAGE_STANDARD = gnu11;
				GCC_NO_COMMON_BLOCKS = YES;
				GCC_WARN_64_TO_32_BIT_CONVERSION = YES;
				GCC_WARN_ABOUT_RETURN_TYPE = YES_ERROR;
				GCC_WARN_UNDECLARED_SELECTOR = YES;
				GCC_WARN_UNINITIALIZED_AUTOS = YES_AGGRESSIVE;
				GCC_WARN_UNUSED_FUNCTION = YES;
				GCC_WARN_UNUSED_VARIABLE = YES;
				IPHONEOS_DEPLOYMENT_TARGET = 11.2;
				MTL_ENABLE_DEBUG_INFO = NO;
				SDKROOT = iphoneos;
				SWIFT_OPTIMIZATION_LEVEL = "-Owholemodule";
				VALIDATE_PRODUCT = YES;
			};
			name = Release;
		};
		EEEF77CF1FFB265F003A3252 /* Debug */ = {
			isa = XCBuildConfiguration;
			baseConfigurationReference = 384C90B3AC32BB83E7B9CFB3 /* Pods-unit-test-dependencies-tutorial.debug.xcconfig */;
			buildSettings = {
				ASSETCATALOG_COMPILER_APPICON_NAME = AppIcon;
				"CODE_SIGN_IDENTITY[sdk=iphoneos*]" = "iPhone Developer";
				CODE_SIGN_STYLE = Automatic;
				DEVELOPMENT_TEAM = 9NM4DLTS84;
				INFOPLIST_FILE = "unit-test-dependencies-tutorial/Info.plist";
				IPHONEOS_DEPLOYMENT_TARGET = 11.0;
				LD_RUNPATH_SEARCH_PATHS = "$(inherited) @executable_path/Frameworks";
				PRODUCT_BUNDLE_IDENTIFIER = "davaur.unit-test";
				PRODUCT_NAME = "$(TARGET_NAME)";
				PROVISIONING_PROFILE_SPECIFIER = "";
				SWIFT_VERSION = 4.0;
				TARGETED_DEVICE_FAMILY = "1,2";
			};
			name = Debug;
		};
		EEEF77D01FFB265F003A3252 /* Release */ = {
			isa = XCBuildConfiguration;
			baseConfigurationReference = 5C2D290CD0649AF2D1D91D1A /* Pods-unit-test-dependencies-tutorial.release.xcconfig */;
			buildSettings = {
				ASSETCATALOG_COMPILER_APPICON_NAME = AppIcon;
				"CODE_SIGN_IDENTITY[sdk=iphoneos*]" = "iPhone Developer";
				CODE_SIGN_STYLE = Automatic;
				DEVELOPMENT_TEAM = 9NM4DLTS84;
				INFOPLIST_FILE = "unit-test-dependencies-tutorial/Info.plist";
				IPHONEOS_DEPLOYMENT_TARGET = 11.0;
				LD_RUNPATH_SEARCH_PATHS = "$(inherited) @executable_path/Frameworks";
				PRODUCT_BUNDLE_IDENTIFIER = "davaur.unit-test";
				PRODUCT_NAME = "$(TARGET_NAME)";
				PROVISIONING_PROFILE_SPECIFIER = "";
				SWIFT_VERSION = 4.0;
				TARGETED_DEVICE_FAMILY = "1,2";
			};
			name = Release;
		};
		EEEF77D21FFB265F003A3252 /* Debug */ = {
			isa = XCBuildConfiguration;
			baseConfigurationReference = 83DC97FAA5849DEFE3299C13 /* Pods-unit-test-dependencies-tutorialTests.debug.xcconfig */;
			buildSettings = {
				ALWAYS_EMBED_SWIFT_STANDARD_LIBRARIES = YES;
				BUNDLE_LOADER = "$(TEST_HOST)";
				CODE_SIGN_STYLE = Automatic;
				DEVELOPMENT_TEAM = 8B3Z6A8A2Z;
				INFOPLIST_FILE = "unit-test-dependencies-tutorialTests/Info.plist";
				LD_RUNPATH_SEARCH_PATHS = "$(inherited) @executable_path/Frameworks @loader_path/Frameworks";
				PRODUCT_BUNDLE_IDENTIFIER = "davaur.unit-test-dependencies-tutorialTests";
				PRODUCT_NAME = "$(TARGET_NAME)";
				SWIFT_VERSION = 4.0;
				TARGETED_DEVICE_FAMILY = "1,2";
				TEST_HOST = "$(BUILT_PRODUCTS_DIR)/unit-test-dependencies-tutorial.app/unit-test-dependencies-tutorial";
			};
			name = Debug;
		};
		EEEF77D31FFB265F003A3252 /* Release */ = {
			isa = XCBuildConfiguration;
			baseConfigurationReference = 445568DFBD791BF963644EE6 /* Pods-unit-test-dependencies-tutorialTests.release.xcconfig */;
			buildSettings = {
				ALWAYS_EMBED_SWIFT_STANDARD_LIBRARIES = YES;
				BUNDLE_LOADER = "$(TEST_HOST)";
				CODE_SIGN_STYLE = Automatic;
				DEVELOPMENT_TEAM = 8B3Z6A8A2Z;
				INFOPLIST_FILE = "unit-test-dependencies-tutorialTests/Info.plist";
				LD_RUNPATH_SEARCH_PATHS = "$(inherited) @executable_path/Frameworks @loader_path/Frameworks";
				PRODUCT_BUNDLE_IDENTIFIER = "davaur.unit-test-dependencies-tutorialTests";
				PRODUCT_NAME = "$(TARGET_NAME)";
				SWIFT_VERSION = 4.0;
				TARGETED_DEVICE_FAMILY = "1,2";
				TEST_HOST = "$(BUILT_PRODUCTS_DIR)/unit-test-dependencies-tutorial.app/unit-test-dependencies-tutorial";
			};
			name = Release;
		};
/* End XCBuildConfiguration section */

/* Begin XCConfigurationList section */
		EEEF77AC1FFB265F003A3252 /* Build configuration list for PBXProject "unit-test-dependencies-tutorial" */ = {
			isa = XCConfigurationList;
			buildConfigurations = (
				EEEF77CC1FFB265F003A3252 /* Debug */,
				EEEF77CD1FFB265F003A3252 /* Release */,
			);
			defaultConfigurationIsVisible = 0;
			defaultConfigurationName = Release;
		};
		EEEF77CE1FFB265F003A3252 /* Build configuration list for PBXNativeTarget "unit-test-dependencies-tutorial" */ = {
			isa = XCConfigurationList;
			buildConfigurations = (
				EEEF77CF1FFB265F003A3252 /* Debug */,
				EEEF77D01FFB265F003A3252 /* Release */,
			);
			defaultConfigurationIsVisible = 0;
			defaultConfigurationName = Release;
		};
		EEEF77D11FFB265F003A3252 /* Build configuration list for PBXNativeTarget "unit-test-dependencies-tutorialTests" */ = {
			isa = XCConfigurationList;
			buildConfigurations = (
				EEEF77D21FFB265F003A3252 /* Debug */,
				EEEF77D31FFB265F003A3252 /* Release */,
			);
			defaultConfigurationIsVisible = 0;
			defaultConfigurationName = Release;
		};
/* End XCConfigurationList section */
	};
	rootObject = EEEF77A91FFB265F003A3252 /* Project object */;
}
